PODS:
  - Alamofire (5.10.2)
  - BigInt (5.2.0)
  - Capacitor (8.4.1):
    - CapacitorCordova
  - CapacitorCordova (8.4.1)
  - CapacitorSplashScreen (8.0.1):
    - Capacitor
  - CapgoCapacitorUpdater (8.50.1):
    - Alamofire (= 5.10.2)
    - BigInt (= 5.2.0)
    - Capacitor
    - Version (= 0.8.0)
    - ZIPFoundation (~> 0.9)
  - Version (0.8.0)
  - ZIPFoundation (0.9.20)

DEPENDENCIES:
  - "Capacitor (from `../../../../node_modules/@capacitor/ios`)"
  - "CapacitorCordova (from `../../../../node_modules/@capacitor/ios`)"
  - "CapacitorSplashScreen (from `../../../../node_modules/@capacitor/splash-screen`)"
  - "CapgoCapacitorUpdater (from `../../../../node_modules/@capgo/capacitor-updater`)"

SPEC REPOS:
  trunk:
    - Alamofire
    - BigInt
    - Version
    - ZIPFoundation

EXTERNAL SOURCES:
  Capacitor:
    :path: "../../../../node_modules/@capacitor/ios"
  CapacitorCordova:
    :path: "../../../../node_modules/@capacitor/ios"
  CapacitorSplashScreen:
    :path: "../../../../node_modules/@capacitor/splash-screen"
  CapgoCapacitorUpdater:
    :path: "../../../../node_modules/@capgo/capacitor-updater"

SPEC CHECKSUMS:
  Alamofire: 7193b3b92c74a07f85569e1a6c4f4237291e7496
  BigInt: f668a80089607f521586bbe29513d708491ef2f7
  Capacitor: 35242afe195b1e53c58ca1b827d1b444c5e6602b
  CapacitorCordova: eebe6bcf807b1b06f3f48237650f96bbcd0eef09
  CapacitorSplashScreen: 4b46c72298db552b3c57ce021ef028b6dc7f1fa7
  CapgoCapacitorUpdater: 212d236be95975d5d83e4154f94032e0b27f6ebb
  Version: de5907f2c5d0f3cf21708db7801d1d5401139486
  ZIPFoundation: dfd3d681c4053ff7e2f7350bc4e53b5dba3f5351

PODFILE CHECKSUM: 00677af5515ef098348f6809ca9d692b06d18519

COCOAPODS: 1.16.2
