{
  "name": "svg",
  "version": "1.0.0",
  "lockfileVersion": 1,
  "requires": true,
  "dependencies": {
    "@svgr/babel-plugin-add-jsx-attribute": {
      "version": "4.0.0",
      "resolved": "https://registry.npmjs.org/@svgr/babel-plugin-add-jsx-attribute/-/babel-plugin-add-jsx-attribute-4.0.0.tgz",
      "integrity": "sha512-PDvHV2WhSGCSExp+eIMEKxYd1Q0SBvXLb4gAOXbdh0dswHFFgXWzxGjCmx5aln4qGrhkuN81khzYzR/44DYaMA=="
    }
  }
}
