// !$*UTF8*$!
{
	archiveVersion = 1;
	classes = {
	};
	objectVersion = 46;
	objects = {

/* Begin PBXBuildFile section */
		0943EB97FE684CB19D7FFD33 /* libsqlite3.0.tbd in Frameworks */ = {isa = PBXBuildFile; fileRef = D8D9E65052E849F990398081 /* libsqlite3.0.tbd */; };
		13B07FBC1A68108700A75B9A /* AppDelegate.m in Sources */ = {isa = PBXBuildFile; fileRef = 13B07FB01A68108700A75B9A /* AppDelegate.m */; };
		13B07FBF1A68108700A75B9A /* Images.xcassets in Resources */ = {isa = PBXBuildFile; fileRef = 13B07FB51A68108700A75B9A /* Images.xcassets */; };
		13B07FC11A68108700A75B9A /* main.m in Sources */ = {isa = PBXBuildFile; fileRef = 13B07FB71A68108700A75B9A /* main.m */; };
		1A0F14D321ADB98C0045485A /* LaunchScreen.xib in Resources */ = {isa = PBXBuildFile; fileRef = 13B07FB11A68108700A75B9A /* LaunchScreen.xib */; };
		1A1FBE4922023BE7004E32F9 /* MBFingerTipWindow.m in Sources */ = {isa = PBXBuildFile; fileRef = 1A1FBE4822023BE7004E32F9 /* MBFingerTipWindow.m */; };
		1A41989321FB97C500D8F08C /* ACTInAppPurchase.m in Sources */ = {isa = PBXBuildFile; fileRef = 1A41989121FB97C500D8F08C /* ACTInAppPurchase.m */; };
		1A41989421FB97C500D8F08C /* ACTInAppPurchase.swift in Sources */ = {isa = PBXBuildFile; fileRef = 1A41989221FB97C500D8F08C /* ACTInAppPurchase.swift */; };
		1A4E11C021FC1297008C1AD6 /* StoreKit.framework in Frameworks */ = {isa = PBXBuildFile; fileRef = 1A4E11BF21FC1297008C1AD6 /* StoreKit.framework */; };
		1A575D2A226BB054009B26C7 /* JavaScriptCore.framework in Frameworks */ = {isa = PBXBuildFile; fileRef = 1A575D1D226BB054009B26C7 /* JavaScriptCore.framework */; };
		1A66C51C21169BC8008DBB08 /* ACTScrollViewManager.swift in Sources */ = {isa = PBXBuildFile; fileRef = 1A66C51B21169BC8008DBB08 /* ACTScrollViewManager.swift */; };
		1A66C51E21169FFE008DBB08 /* ACTScrollViewManager.m in Sources */ = {isa = PBXBuildFile; fileRef = 1A66C51D21169FFE008DBB08 /* ACTScrollViewManager.m */; };
		1AADB940218CC1BB0037D24C /* ip.txt in Resources */ = {isa = PBXBuildFile; fileRef = 1AADB911218CC1BB0037D24C /* ip.txt */; };
		1ADB9F0821651B7200097127 /* ACTKeyboardAvoiding.m in Sources */ = {isa = PBXBuildFile; fileRef = 1ADB9ED921651B7200097127 /* ACTKeyboardAvoiding.m */; };
		1ADB9F0921651B7200097127 /* ACTKeyboardAvoiding.swift in Sources */ = {isa = PBXBuildFile; fileRef = 1ADB9F0721651B7200097127 /* ACTKeyboardAvoiding.swift */; };
		4AE623E78883E2C0AB3950B3 /* libPods-actual.a in Frameworks */ = {isa = PBXBuildFile; fileRef = 13FD6D8DED6A2D38D5930BF6 /* libPods-actual.a */; };
		DBA3B50911894384A16CCDEC /* libz.tbd in Frameworks */ = {isa = PBXBuildFile; fileRef = 21B6CC36E6424AE0947CBE6E /* libz.tbd */; };
/* End PBXBuildFile section */

/* Begin PBXFileReference section */
		00E356F11AD99517003FC87E /* Info.plist */ = {isa = PBXFileReference; lastKnownFileType = text.plist.xml; path = Info.plist; sourceTree = "<group>"; };
		00E356F21AD99517003FC87E /* actualTests.m */ = {isa = PBXFileReference; lastKnownFileType = sourcecode.c.objc; path = actualTests.m; sourceTree = "<group>"; };
		13B07F961A680F5B00A75B9A /* actual.app */ = {isa = PBXFileReference; explicitFileType = wrapper.application; includeInIndex = 0; path = actual.app; sourceTree = BUILT_PRODUCTS_DIR; };
		13B07FAF1A68108700A75B9A /* AppDelegate.h */ = {isa = PBXFileReference; fileEncoding = 4; lastKnownFileType = sourcecode.c.h; name = AppDelegate.h; path = actual/AppDelegate.h; sourceTree = "<group>"; };
		13B07FB01A68108700A75B9A /* AppDelegate.m */ = {isa = PBXFileReference; fileEncoding = 4; lastKnownFileType = sourcecode.c.objc; name = AppDelegate.m; path = actual/AppDelegate.m; sourceTree = "<group>"; };
		13B07FB21A68108700A75B9A /* Base */ = {isa = PBXFileReference; lastKnownFileType = file.xib; name = Base; path = Base.lproj/LaunchScreen.xib; sourceTree = "<group>"; };
		13B07FB51A68108700A75B9A /* Images.xcassets */ = {isa = PBXFileReference; lastKnownFileType = folder.assetcatalog; name = Images.xcassets; path = actual/Images.xcassets; sourceTree = "<group>"; };
		13B07FB61A68108700A75B9A /* Info.plist */ = {isa = PBXFileReference; fileEncoding = 4; lastKnownFileType = text.plist.xml; name = Info.plist; path = actual/Info.plist; sourceTree = "<group>"; };
		13B07FB71A68108700A75B9A /* main.m */ = {isa = PBXFileReference; fileEncoding = 4; lastKnownFileType = sourcecode.c.objc; name = main.m; path = actual/main.m; sourceTree = "<group>"; };
		13FD6D8DED6A2D38D5930BF6 /* libPods-actual.a */ = {isa = PBXFileReference; explicitFileType = archive.ar; includeInIndex = 0; path = "libPods-actual.a"; sourceTree = BUILT_PRODUCTS_DIR; };
		1A0F14D421AE3A5B0045485A /* actual.entitlements */ = {isa = PBXFileReference; lastKnownFileType = text.plist.entitlements; name = actual.entitlements; path = actual/actual.entitlements; sourceTree = "<group>"; };
		1A1FBE1622023BE7004E32F9 /* MBFingerTipWindow.h */ = {isa = PBXFileReference; fileEncoding = 4; lastKnownFileType = sourcecode.c.h; name = MBFingerTipWindow.h; path = actual/MBFingerTipWindow.h; sourceTree = "<group>"; };
		1A1FBE4822023BE7004E32F9 /* MBFingerTipWindow.m */ = {isa = PBXFileReference; fileEncoding = 4; lastKnownFileType = sourcecode.c.objc; name = MBFingerTipWindow.m; path = actual/MBFingerTipWindow.m; sourceTree = "<group>"; };
		1A41989121FB97C500D8F08C /* ACTInAppPurchase.m */ = {isa = PBXFileReference; fileEncoding = 4; lastKnownFileType = sourcecode.c.objc; name = ACTInAppPurchase.m; path = actual/ACTInAppPurchase.m; sourceTree = "<group>"; };
		1A41989221FB97C500D8F08C /* ACTInAppPurchase.swift */ = {isa = PBXFileReference; fileEncoding = 4; lastKnownFileType = sourcecode.swift; name = ACTInAppPurchase.swift; path = actual/ACTInAppPurchase.swift; sourceTree = "<group>"; };
		1A4E11BF21FC1297008C1AD6 /* StoreKit.framework */ = {isa = PBXFileReference; lastKnownFileType = wrapper.framework; name = StoreKit.framework; path = System/Library/Frameworks/StoreKit.framework; sourceTree = SDKROOT; };
		1A575D1D226BB054009B26C7 /* JavaScriptCore.framework */ = {isa = PBXFileReference; lastKnownFileType = wrapper.framework; name = JavaScriptCore.framework; path = System/Library/Frameworks/JavaScriptCore.framework; sourceTree = SDKROOT; };
		1A66C4C721169B63008DBB08 /* actual-Bridging-Header.h */ = {isa = PBXFileReference; lastKnownFileType = sourcecode.c.h; path = "actual-Bridging-Header.h"; sourceTree = "<group>"; };
		1A66C51B21169BC8008DBB08 /* ACTScrollViewManager.swift */ = {isa = PBXFileReference; lastKnownFileType = sourcecode.swift; name = ACTScrollViewManager.swift; path = actual/ACTScrollViewManager.swift; sourceTree = "<group>"; };
		1A66C51D21169FFE008DBB08 /* ACTScrollViewManager.m */ = {isa = PBXFileReference; lastKnownFileType = sourcecode.c.objc; name = ACTScrollViewManager.m; path = actual/ACTScrollViewManager.m; sourceTree = "<group>"; };
		1AADB911218CC1BB0037D24C /* ip.txt */ = {isa = PBXFileReference; fileEncoding = 4; lastKnownFileType = text; name = ip.txt; path = ../ip.txt; sourceTree = "<group>"; };
		1ADB9ED921651B7200097127 /* ACTKeyboardAvoiding.m */ = {isa = PBXFileReference; fileEncoding = 4; lastKnownFileType = sourcecode.c.objc; name = ACTKeyboardAvoiding.m; path = actual/ACTKeyboardAvoiding.m; sourceTree = "<group>"; };
		1ADB9F0721651B7200097127 /* ACTKeyboardAvoiding.swift */ = {isa = PBXFileReference; fileEncoding = 4; lastKnownFileType = sourcecode.swift; name = ACTKeyboardAvoiding.swift; path = actual/ACTKeyboardAvoiding.swift; sourceTree = "<group>"; tabWidth = 2; usesTabs = 0; };
		21B6CC36E6424AE0947CBE6E /* libz.tbd */ = {isa = PBXFileReference; explicitFileType = undefined; fileEncoding = 9; includeInIndex = 0; lastKnownFileType = "sourcecode.text-based-dylib-definition"; name = libz.tbd; path = usr/lib/libz.tbd; sourceTree = SDKROOT; };
		22F91DD53D6A4B43BAE90E40 /* libReactNativePermissions.a */ = {isa = PBXFileReference; explicitFileType = undefined; fileEncoding = 9; includeInIndex = 0; lastKnownFileType = archive.ar; path = libReactNativePermissions.a; sourceTree = "<group>"; };
		2D16E6891FA4F8E400B85C8A /* libReact.a */ = {isa = PBXFileReference; explicitFileType = archive.ar; path = libReact.a; sourceTree = BUILT_PRODUCTS_DIR; };
		348B90EAF45D4543A5C58B31 /* libRNCamera.a */ = {isa = PBXFileReference; explicitFileType = undefined; fileEncoding = 9; includeInIndex = 0; lastKnownFileType = archive.ar; path = libRNCamera.a; sourceTree = "<group>"; };
		695F891E5B2F470CA8AD6061 /* libRNDnsLookup.a */ = {isa = PBXFileReference; explicitFileType = undefined; fileEncoding = 9; includeInIndex = 0; lastKnownFileType = archive.ar; path = libRNDnsLookup.a; sourceTree = "<group>"; };
		741D7AFB2CA865AADD0D9E3B /* Pods-actual.release.xcconfig */ = {isa = PBXFileReference; includeInIndex = 1; lastKnownFileType = text.xcconfig; name = "Pods-actual.release.xcconfig"; path = "Target Support Files/Pods-actual/Pods-actual.release.xcconfig"; sourceTree = "<group>"; };
		D8D9E65052E849F990398081 /* libsqlite3.0.tbd */ = {isa = PBXFileReference; explicitFileType = undefined; fileEncoding = 9; includeInIndex = 0; lastKnownFileType = "sourcecode.text-based-dylib-definition"; name = libsqlite3.0.tbd; path = usr/lib/libsqlite3.0.tbd; sourceTree = SDKROOT; };
		DEC44B77FC83161C2F2AA047 /* Pods-actual.debug.xcconfig */ = {isa = PBXFileReference; includeInIndex = 1; lastKnownFileType = text.xcconfig; name = "Pods-actual.debug.xcconfig"; path = "Target Support Files/Pods-actual/Pods-actual.debug.xcconfig"; sourceTree = "<group>"; };
/* End PBXFileReference section */

/* Begin PBXFrameworksBuildPhase section */
		13B07F8C1A680F5B00A75B9A /* Frameworks */ = {
			isa = PBXFrameworksBuildPhase;
			buildActionMask = 2147483647;
			files = (
				1A575D2A226BB054009B26C7 /* JavaScriptCore.framework in Frameworks */,
				0943EB97FE684CB19D7FFD33 /* libsqlite3.0.tbd in Frameworks */,
				1A4E11C021FC1297008C1AD6 /* StoreKit.framework in Frameworks */,
				DBA3B50911894384A16CCDEC /* libz.tbd in Frameworks */,
				4AE623E78883E2C0AB3950B3 /* libPods-actual.a in Frameworks */,
			);
			runOnlyForDeploymentPostprocessing = 0;
		};
/* End PBXFrameworksBuildPhase section */

/* Begin PBXGroup section */
		00E356EF1AD99517003FC87E /* actualTests */ = {
			isa = PBXGroup;
			children = (
				00E356F21AD99517003FC87E /* actualTests.m */,
				00E356F01AD99517003FC87E /* Supporting Files */,
			);
			path = actualTests;
			sourceTree = "<group>";
		};
		00E356F01AD99517003FC87E /* Supporting Files */ = {
			isa = PBXGroup;
			children = (
				00E356F11AD99517003FC87E /* Info.plist */,
			);
			name = "Supporting Files";
			sourceTree = "<group>";
		};
		13B07FAE1A68108700A75B9A /* actual */ = {
			isa = PBXGroup;
			children = (
				1A1FBE1622023BE7004E32F9 /* MBFingerTipWindow.h */,
				1A1FBE4822023BE7004E32F9 /* MBFingerTipWindow.m */,
				1A41989121FB97C500D8F08C /* ACTInAppPurchase.m */,
				1A41989221FB97C500D8F08C /* ACTInAppPurchase.swift */,
				1A0F14D421AE3A5B0045485A /* actual.entitlements */,
				1AADB911218CC1BB0037D24C /* ip.txt */,
				1ADB9ED921651B7200097127 /* ACTKeyboardAvoiding.m */,
				1ADB9F0721651B7200097127 /* ACTKeyboardAvoiding.swift */,
				13B07FAF1A68108700A75B9A /* AppDelegate.h */,
				13B07FB01A68108700A75B9A /* AppDelegate.m */,
				13B07FB51A68108700A75B9A /* Images.xcassets */,
				13B07FB61A68108700A75B9A /* Info.plist */,
				13B07FB11A68108700A75B9A /* LaunchScreen.xib */,
				13B07FB71A68108700A75B9A /* main.m */,
				1A66C51B21169BC8008DBB08 /* ACTScrollViewManager.swift */,
				1A66C51D21169FFE008DBB08 /* ACTScrollViewManager.m */,
				1A66C4C721169B63008DBB08 /* actual-Bridging-Header.h */,
			);
			name = actual;
			sourceTree = "<group>";
		};
		1A026E30208C2B8D00778856 /* Recovered References */ = {
			isa = PBXGroup;
			children = (
				348B90EAF45D4543A5C58B31 /* libRNCamera.a */,
				22F91DD53D6A4B43BAE90E40 /* libReactNativePermissions.a */,
				695F891E5B2F470CA8AD6061 /* libRNDnsLookup.a */,
			);
			name = "Recovered References";
			sourceTree = "<group>";
		};
		2D16E6871FA4F8E400B85C8A /* Frameworks */ = {
			isa = PBXGroup;
			children = (
				1A575D1D226BB054009B26C7 /* JavaScriptCore.framework */,
				1A4E11BF21FC1297008C1AD6 /* StoreKit.framework */,
				2D16E6891FA4F8E400B85C8A /* libReact.a */,
				D8D9E65052E849F990398081 /* libsqlite3.0.tbd */,
				21B6CC36E6424AE0947CBE6E /* libz.tbd */,
				13FD6D8DED6A2D38D5930BF6 /* libPods-actual.a */,
			);
			name = Frameworks;
			sourceTree = "<group>";
		};
		6B73317A6BD2F12F3696B52B /* Pods */ = {
			isa = PBXGroup;
			children = (
				DEC44B77FC83161C2F2AA047 /* Pods-actual.debug.xcconfig */,
				741D7AFB2CA865AADD0D9E3B /* Pods-actual.release.xcconfig */,
			);
			path = Pods;
			sourceTree = "<group>";
		};
		832341AE1AAA6A7D00B99B32 /* Libraries */ = {
			isa = PBXGroup;
			children = (
			);
			name = Libraries;
			sourceTree = "<group>";
		};
		83CBB9F61A601CBA00E9B192 = {
			isa = PBXGroup;
			children = (
				13B07FAE1A68108700A75B9A /* actual */,
				832341AE1AAA6A7D00B99B32 /* Libraries */,
				00E356EF1AD99517003FC87E /* actualTests */,
				83CBBA001A601CBA00E9B192 /* Products */,
				2D16E6871FA4F8E400B85C8A /* Frameworks */,
				1A026E30208C2B8D00778856 /* Recovered References */,
				6B73317A6BD2F12F3696B52B /* Pods */,
			);
			indentWidth = 2;
			sourceTree = "<group>";
			tabWidth = 2;
			usesTabs = 0;
		};
		83CBBA001A601CBA00E9B192 /* Products */ = {
			isa = PBXGroup;
			children = (
				13B07F961A680F5B00A75B9A /* actual.app */,
			);
			name = Products;
			sourceTree = "<group>";
		};
/* End PBXGroup section */

/* Begin PBXNativeTarget section */
		13B07F861A680F5B00A75B9A /* actual */ = {
			isa = PBXNativeTarget;
			buildConfigurationList = 13B07F931A680F5B00A75B9A /* Build configuration list for PBXNativeTarget "actual" */;
			buildPhases = (
				AA16FDFD29699DAA2114A3E9 /* [CP] Check Pods Manifest.lock */,
				13B07F871A680F5B00A75B9A /* Sources */,
				13B07F8C1A680F5B00A75B9A /* Frameworks */,
				13B07F8E1A680F5B00A75B9A /* Resources */,
				1AAEDBB2245748ED00967AA8 /* Apply patches */,
				00DD1BFF1BD5951E006B06BC /* Bundle React Native code and images */,
				768FCC2DAE784A72A012D9E1 /* Upload Debug Symbols to Sentry */,
				1A00931D23A94EBA00FE6B5A /* Compile backend for nodejs-mobile */,
				0227CCCFB6675D205CC277F7 /* [CP] Embed Pods Frameworks */,
				D9E7C2E21B8A99478BF8D089 /* [CP-User] [NODEJS MOBILE] Copy Node.js Project files */,
				55661CB278C902A9468DFBD5 /* [CP-User] [NODEJS MOBILE] Build Native Modules */,
				DF54B37A45176AA1F1E027A8 /* [CP-User] [NODEJS MOBILE] Sign Native Modules */,
				D6598A9BF737905D7E753166 /* [CP-User] [NODEJS MOBILE] Remove Simulator Strip */,
				D3D11ECDEE72EE1F374A8692 /* [CP] Copy Pods Resources */,
			);
			buildRules = (
			);
			dependencies = (
			);
			name = actual;
			productName = "Hello World";
			productReference = 13B07F961A680F5B00A75B9A /* actual.app */;
			productType = "com.apple.product-type.application";
		};
/* End PBXNativeTarget section */

/* Begin PBXProject section */
		83CBB9F71A601CBA00E9B192 /* Project object */ = {
			isa = PBXProject;
			attributes = {
				LastUpgradeCheck = 610;
				ORGANIZATIONNAME = Facebook;
				TargetAttributes = {
					13B07F861A680F5B00A75B9A = {
						DevelopmentTeam = 67T3B79U9M;
						LastSwiftMigration = 940;
						ProvisioningStyle = Automatic;
						SystemCapabilities = {
							com.apple.InAppPurchase = {
								enabled = 1;
							};
							com.apple.Push = {
								enabled = 0;
							};
						};
					};
				};
			};
			buildConfigurationList = 83CBB9FA1A601CBA00E9B192 /* Build configuration list for PBXProject "actual" */;
			compatibilityVersion = "Xcode 3.2";
			developmentRegion = English;
			hasScannedForEncodings = 0;
			knownRegions = (
				English,
				en,
				Base,
			);
			mainGroup = 83CBB9F61A601CBA00E9B192;
			productRefGroup = 83CBBA001A601CBA00E9B192 /* Products */;
			projectDirPath = "";
			projectRoot = "";
			targets = (
				13B07F861A680F5B00A75B9A /* actual */,
			);
		};
/* End PBXProject section */

/* Begin PBXResourcesBuildPhase section */
		13B07F8E1A680F5B00A75B9A /* Resources */ = {
			isa = PBXResourcesBuildPhase;
			buildActionMask = 2147483647;
			files = (
				1A0F14D321ADB98C0045485A /* LaunchScreen.xib in Resources */,
				1AADB940218CC1BB0037D24C /* ip.txt in Resources */,
				13B07FBF1A68108700A75B9A /* Images.xcassets in Resources */,
			);
			runOnlyForDeploymentPostprocessing = 0;
		};
/* End PBXResourcesBuildPhase section */

/* Begin PBXShellScriptBuildPhase section */
		00DD1BFF1BD5951E006B06BC /* Bundle React Native code and images */ = {
			isa = PBXShellScriptBuildPhase;
			buildActionMask = 2147483647;
			files = (
			);
			inputPaths = (
			);
			name = "Bundle React Native code and images";
			outputPaths = (
			);
			runOnlyForDeploymentPostprocessing = 0;
			shellPath = /bin/sh;
			shellScript = "echo \"RUNNING\"\nexport SENTRY_PROPERTIES=sentry.properties\nexport NODE_BINARY=node\nexport EXTRA_PACKAGER_ARGS=\"--sourcemap-output $DERIVED_FILE_DIR/main.jsbundle.map\"\nif [ \"${CONFIGURATION}\" == \"Debug\" ]; then\n  export SKIP_BUNDLING=true\nfi\necho \"BUNDLING\"\n# For whatever reason, --force-foreground is required for it to upload sourcemaps\n# to Sentry\n../node_modules/@sentry/cli/bin/sentry-cli react-native xcode  --force-foreground ../node_modules/react-native/scripts/react-native-xcode.sh\n";
		};
		0227CCCFB6675D205CC277F7 /* [CP] Embed Pods Frameworks */ = {
			isa = PBXShellScriptBuildPhase;
			buildActionMask = 2147483647;
			files = (
			);
			inputPaths = (
				"${PODS_ROOT}/Target Support Files/Pods-actual/Pods-actual-frameworks.sh",
				"${PODS_ROOT}/../../node_modules/nodejs-mobile-react-native/ios/NodeMobile.framework",
			);
			name = "[CP] Embed Pods Frameworks";
			outputPaths = (
				"${TARGET_BUILD_DIR}/${FRAMEWORKS_FOLDER_PATH}/NodeMobile.framework",
			);
			runOnlyForDeploymentPostprocessing = 0;
			shellPath = /bin/sh;
			shellScript = "\"${PODS_ROOT}/Target Support Files/Pods-actual/Pods-actual-frameworks.sh\"\n";
			showEnvVarsInLog = 0;
		};
		1A00931D23A94EBA00FE6B5A /* Compile backend for nodejs-mobile */ = {
			isa = PBXShellScriptBuildPhase;
			buildActionMask = 2147483647;
			files = (
			);
			inputFileListPaths = (
			);
			inputPaths = (
			);
			name = "Compile backend for nodejs-mobile";
			outputFileListPaths = (
			);
			outputPaths = (
			);
			runOnlyForDeploymentPostprocessing = 0;
			shellPath = /bin/sh;
			shellScript = "echo $(pwd)\ncd ../../loot-core/bin\n\nif [ \"${CONFIGURATION}\" == \"Debug\" ]; then\n  export NODE_ENV=\"development\"\n  ./build-mobile\nelse \n  export NODE_ENV=\"production\"\n  VERSION=$(/usr/libexec/PlistBuddy -c \"Print :CFBundleShortVersionString\" \"${TARGET_BUILD_DIR}/${INFOPLIST_PATH}\")\n  DIST=$(/usr/libexec/PlistBuddy -c \"Print :CFBundleVersion\" \"${TARGET_BUILD_DIR}/${INFOPLIST_PATH}\")\n  \n  ./build-mobile --release --version \"${VERSION}\" --dist \"${DIST}\"\nfi\n";
		};
		1AAEDBB2245748ED00967AA8 /* Apply patches */ = {
			isa = PBXShellScriptBuildPhase;
			buildActionMask = 2147483647;
			files = (
			);
			inputFileListPaths = (
			);
			inputPaths = (
			);
			name = "Apply patches";
			outputFileListPaths = (
			);
			outputPaths = (
			);
			runOnlyForDeploymentPostprocessing = 0;
			shellPath = /bin/sh;
			shellScript = "cd ..;\n../../node_modules/.bin/patch-package\n\n";
			showEnvVarsInLog = 0;
		};
		55661CB278C902A9468DFBD5 /* [CP-User] [NODEJS MOBILE] Build Native Modules */ = {
			isa = PBXShellScriptBuildPhase;
			buildActionMask = 2147483647;
			files = (
			);
			name = "[CP-User] [NODEJS MOBILE] Build Native Modules";
			runOnlyForDeploymentPostprocessing = 0;
			shellPath = /bin/sh;
			shellScript = "#!/bin/sh\nset -e\nif [ -z \"$NODEJS_MOBILE_BUILD_NATIVE_MODULES\" ]; then\n# If build native modules preference is not set, look for it in the project's\n#nodejs-assets/BUILD_NATIVE_MODULES.txt file.\nNODEJS_ASSETS_DIR=\"$( cd \"$PROJECT_DIR\" && cd ../nodejs-assets/ && pwd )\"\nPREFERENCE_FILE_PATH=\"$NODEJS_ASSETS_DIR/BUILD_NATIVE_MODULES.txt\"\n  if [ -f \"$PREFERENCE_FILE_PATH\" ]; then\n    NODEJS_MOBILE_BUILD_NATIVE_MODULES=\"$(cat $PREFERENCE_FILE_PATH | xargs)\"\n  fi\nfi\nif [ -z \"$NODEJS_MOBILE_BUILD_NATIVE_MODULES\" ]; then\n# If build native modules preference is not set, try to find .gyp files\n#to turn it on.\n  gypfiles=($(find \"$CODESIGNING_FOLDER_PATH/nodejs-project/\" -type f -name \"*.gyp\"))\n  if [ ${#gypfiles[@]} -gt 0 ]; then\n    NODEJS_MOBILE_BUILD_NATIVE_MODULES=1\n  else\n    NODEJS_MOBILE_BUILD_NATIVE_MODULES=0\n  fi\nfi\nif [ \"1\" != \"$NODEJS_MOBILE_BUILD_NATIVE_MODULES\" ]; then exit 0; fi\n# Delete object files that may already come from within the npm package.\nfind \"$CODESIGNING_FOLDER_PATH/nodejs-project/\" -name \"*.o\" -type f -delete\nfind \"$CODESIGNING_FOLDER_PATH/nodejs-project/\" -name \"*.a\" -type f -delete\nfind \"$CODESIGNING_FOLDER_PATH/nodejs-project/\" -name \"*.node\" -type f -delete\n# Delete bundle contents that may be there from previous builds.\nfind \"$CODESIGNING_FOLDER_PATH/nodejs-project/\" -path \"*/*.node/*\" -delete\nfind \"$CODESIGNING_FOLDER_PATH/nodejs-project/\" -name \"*.node\" -type d -delete\nfind \"$CODESIGNING_FOLDER_PATH/nodejs-project/\" -path \"*/*.framework/*\" -delete\nfind \"$CODESIGNING_FOLDER_PATH/nodejs-project/\" -name \"*.framework\" -type d -delete\n# Apply patches to the modules package.json\nif [ -d \"$CODESIGNING_FOLDER_PATH\"/nodejs-project/node_modules/ ]; then\n  PATCH_SCRIPT_DIR=\"$( cd \"$PROJECT_DIR\" && cd ../node_modules/nodejs-mobile-react-native/scripts/ && pwd )\"\n  NODEJS_PROJECT_MODULES_DIR=\"$( cd \"$CODESIGNING_FOLDER_PATH\" && cd nodejs-project/node_modules/ && pwd )\"\n  node \"$PATCH_SCRIPT_DIR\"/patch-package.js $NODEJS_PROJECT_MODULES_DIR\nfi\n# Get the nodejs-mobile-gyp location\nif [ -d \"$PROJECT_DIR/../node_modules/nodejs-mobile-gyp/\" ]; then\n  NODEJS_MOBILE_GYP_DIR=\"$( cd \"$PROJECT_DIR\" && cd ../node_modules/nodejs-mobile-gyp/ && pwd )\"\nelse\n  NODEJS_MOBILE_GYP_DIR=\"$( cd \"$PROJECT_DIR\" && cd ../node_modules/nodejs-mobile-react-native/node_modules/nodejs-mobile-gyp/ && pwd )\"\nfi\nNODEJS_MOBILE_GYP_BIN_FILE=\"$NODEJS_MOBILE_GYP_DIR\"/bin/node-gyp.js\n# Support building neon-bindings (Rust) native modules\nif [ -f ~/.cargo/env ]; then\n  source ~/.cargo/env;\nfi\n# Rebuild modules with right environment\nNODEJS_HEADERS_DIR=\"$( cd \"$PROJECT_DIR\" && cd ../node_modules/nodejs-mobile-react-native/ios/libnode/ && pwd )\"\npushd $CODESIGNING_FOLDER_PATH/nodejs-project/\nif [ \"$PLATFORM_NAME\" == \"iphoneos\" ]\nthen\n  GYP_DEFINES=\"OS=ios\" CARGO_BUILD_TARGET=\"aarch64-apple-ios\" npm_config_nodedir=\"$NODEJS_HEADERS_DIR\" npm_config_node_gyp=\"$NODEJS_MOBILE_GYP_BIN_FILE\" npm_config_platform=\"ios\" npm_config_format=\"make-ios\" npm_config_node_engine=\"chakracore\" npm_config_arch=\"arm64\" npm --verbose rebuild --build-from-source\nelse\n  GYP_DEFINES=\"OS=ios\" CARGO_BUILD_TARGET=\"x86_64-apple-ios\" npm_config_nodedir=\"$NODEJS_HEADERS_DIR\" npm_config_node_gyp=\"$NODEJS_MOBILE_GYP_BIN_FILE\" npm_config_platform=\"ios\" npm_config_format=\"make-ios\" npm_config_node_engine=\"chakracore\" npm_config_arch=\"x64\" npm --verbose rebuild --build-from-source\nfi\npopd\n";
		};
		768FCC2DAE784A72A012D9E1 /* Upload Debug Symbols to Sentry */ = {
			isa = PBXShellScriptBuildPhase;
			buildActionMask = 2147483647;
			files = (
			);
			inputPaths = (
			);
			name = "Upload Debug Symbols to Sentry";
			outputPaths = (
			);
			runOnlyForDeploymentPostprocessing = 0;
			shellPath = /bin/sh;
			shellScript = "if [ \"${CONFIGURATION}\" != \"Debug\" ]; then\n  export SENTRY_PROPERTIES=sentry.properties\n  ../node_modules/@sentry/cli/bin/sentry-cli upload-dsym\nfi\n";
		};
		AA16FDFD29699DAA2114A3E9 /* [CP] Check Pods Manifest.lock */ = {
			isa = PBXShellScriptBuildPhase;
			buildActionMask = 2147483647;
			files = (
			);
			inputFileListPaths = (
			);
			inputPaths = (
				"${PODS_PODFILE_DIR_PATH}/Podfile.lock",
				"${PODS_ROOT}/Manifest.lock",
			);
			name = "[CP] Check Pods Manifest.lock";
			outputFileListPaths = (
			);
			outputPaths = (
				"$(DERIVED_FILE_DIR)/Pods-actual-checkManifestLockResult.txt",
			);
			runOnlyForDeploymentPostprocessing = 0;
			shellPath = /bin/sh;
			shellScript = "diff \"${PODS_PODFILE_DIR_PATH}/Podfile.lock\" \"${PODS_ROOT}/Manifest.lock\" > /dev/null\nif [ $? != 0 ] ; then\n    # print error to STDERR\n    echo \"error: The sandbox is not in sync with the Podfile.lock. Run 'pod install' or update your CocoaPods installation.\" >&2\n    exit 1\nfi\n# This output is used by Xcode 'outputs' to avoid re-running this script phase.\necho \"SUCCESS\" > \"${SCRIPT_OUTPUT_FILE_0}\"\n";
			showEnvVarsInLog = 0;
		};
		D3D11ECDEE72EE1F374A8692 /* [CP] Copy Pods Resources */ = {
			isa = PBXShellScriptBuildPhase;
			buildActionMask = 2147483647;
			files = (
			);
			inputPaths = (
				"${PODS_ROOT}/Target Support Files/Pods-actual/Pods-actual-resources.sh",
				"${PODS_CONFIGURATION_BUILD_DIR}/React-Core/AccessibilityResources.bundle",
			);
			name = "[CP] Copy Pods Resources";
			outputPaths = (
				"${TARGET_BUILD_DIR}/${UNLOCALIZED_RESOURCES_FOLDER_PATH}/AccessibilityResources.bundle",
			);
			runOnlyForDeploymentPostprocessing = 0;
			shellPath = /bin/sh;
			shellScript = "\"${PODS_ROOT}/Target Support Files/Pods-actual/Pods-actual-resources.sh\"\n";
			showEnvVarsInLog = 0;
		};
		D6598A9BF737905D7E753166 /* [CP-User] [NODEJS MOBILE] Remove Simulator Strip */ = {
			isa = PBXShellScriptBuildPhase;
			buildActionMask = 2147483647;
			files = (
			);
			name = "[CP-User] [NODEJS MOBILE] Remove Simulator Strip";
			runOnlyForDeploymentPostprocessing = 0;
			shellPath = /bin/sh;
			shellScript = "#!/bin/sh\nset -e\nFRAMEWORK_BINARY_PATH=\"$TARGET_BUILD_DIR/$FRAMEWORKS_FOLDER_PATH/NodeMobile.framework/NodeMobile\"\nFRAMEWORK_STRIPPED_PATH=\"$FRAMEWORK_BINARY_PATH-strip\"\nif [ \"$PLATFORM_NAME\" != \"iphonesimulator\" ]; then\n  if $(lipo \"$FRAMEWORK_BINARY_PATH\" -verify_arch \"x86_64\") ; then\n    lipo -output \"$FRAMEWORK_STRIPPED_PATH\" -remove \"x86_64\" \"$FRAMEWORK_BINARY_PATH\"\n    rm \"$FRAMEWORK_BINARY_PATH\"\n    mv \"$FRAMEWORK_STRIPPED_PATH\" \"$FRAMEWORK_BINARY_PATH\"\n    echo \"Removed simulator strip from NodeMobile.framework\"\n  fi\nfi\n";
		};
		D9E7C2E21B8A99478BF8D089 /* [CP-User] [NODEJS MOBILE] Copy Node.js Project files */ = {
			isa = PBXShellScriptBuildPhase;
			buildActionMask = 2147483647;
			files = (
			);
			name = "[CP-User] [NODEJS MOBILE] Copy Node.js Project files";
			runOnlyForDeploymentPostprocessing = 0;
			shellPath = /bin/sh;
			shellScript = "#!/bin/sh\nset -e\nNODEJS_ASSETS_DIR=\"$( cd \"$PROJECT_DIR\" && cd ../nodejs-assets/ && pwd )\"\nNODEJS_BUILT_IN_MODULES_DIR=\"$( cd \"$PROJECT_DIR\" && cd ../node_modules/nodejs-mobile-react-native/install/resources/nodejs-modules/ && pwd )\"\nif [ -d \"$CODESIGNING_FOLDER_PATH/nodejs-project/\" ]\nthen\nrm -rf \"$CODESIGNING_FOLDER_PATH/nodejs-project/\"\nfi\nif [ -d \"$CODESIGNING_FOLDER_PATH/builtin_modules/\" ]\nthen\nrm -rf \"$CODESIGNING_FOLDER_PATH/builtin_modules/\"\nfi\nrsync -av --delete \"$NODEJS_ASSETS_DIR/nodejs-project\" \"$CODESIGNING_FOLDER_PATH\"\nrsync -av --delete \"$NODEJS_BUILT_IN_MODULES_DIR/builtin_modules\" \"$CODESIGNING_FOLDER_PATH\"\n";
		};
		DF54B37A45176AA1F1E027A8 /* [CP-User] [NODEJS MOBILE] Sign Native Modules */ = {
			isa = PBXShellScriptBuildPhase;
			buildActionMask = 2147483647;
			files = (
			);
			name = "[CP-User] [NODEJS MOBILE] Sign Native Modules";
			runOnlyForDeploymentPostprocessing = 0;
			shellPath = /bin/sh;
			shellScript = "#!/bin/sh\nset -e\nif [ -z \"$NODEJS_MOBILE_BUILD_NATIVE_MODULES\" ]; then\n# If build native modules preference is not set, look for it in the project's\n#nodejs-assets/BUILD_NATIVE_MODULES.txt file.\nNODEJS_ASSETS_DIR=\"$( cd \"$PROJECT_DIR\" && cd ../nodejs-assets/ && pwd )\"\nPREFERENCE_FILE_PATH=\"$NODEJS_ASSETS_DIR/BUILD_NATIVE_MODULES.txt\"\n  if [ -f \"$PREFERENCE_FILE_PATH\" ]; then\n    NODEJS_MOBILE_BUILD_NATIVE_MODULES=\"$(cat $PREFERENCE_FILE_PATH | xargs)\"\n  fi\nfi\nif [ -z \"$NODEJS_MOBILE_BUILD_NATIVE_MODULES\" ]; then\n# If build native modules preference is not set, try to find .gyp files\n#to turn it on.\n  gypfiles=($(find \"$CODESIGNING_FOLDER_PATH/nodejs-project/\" -type f -name \"*.gyp\"))\n  if [ ${#gypfiles[@]} -gt 0 ]; then\n    NODEJS_MOBILE_BUILD_NATIVE_MODULES=1\n  else\n    NODEJS_MOBILE_BUILD_NATIVE_MODULES=0\n  fi\nfi\nif [ \"1\" != \"$NODEJS_MOBILE_BUILD_NATIVE_MODULES\" ]; then exit 0; fi\n# Delete object files\nfind \"$CODESIGNING_FOLDER_PATH/nodejs-project/\" -name \"*.o\" -type f -delete\nfind \"$CODESIGNING_FOLDER_PATH/nodejs-project/\" -name \"*.a\" -type f -delete\n# Create Info.plist for each framework built and loader override.\nPATCH_SCRIPT_DIR=\"$( cd \"$PROJECT_DIR\" && cd ../node_modules/nodejs-mobile-react-native/scripts/ && pwd )\"\nNODEJS_PROJECT_DIR=\"$( cd \"$CODESIGNING_FOLDER_PATH\" && cd nodejs-project/ && pwd )\"\nnode \"$PATCH_SCRIPT_DIR\"/ios-create-plists-and-dlopen-override.js $NODEJS_PROJECT_DIR\n# Embed every resulting .framework in the application and delete them afterwards.\nembed_framework()\n{\n    FRAMEWORK_NAME=\"$(basename \"$1\")\"\n    cp -r \"$1\" \"$TARGET_BUILD_DIR/$FRAMEWORKS_FOLDER_PATH/\"\n    /usr/bin/codesign --force --sign $EXPANDED_CODE_SIGN_IDENTITY --preserve-metadata=identifier,entitlements,flags --timestamp=none \"$TARGET_BUILD_DIR/$FRAMEWORKS_FOLDER_PATH/$FRAMEWORK_NAME\"\n}\nfind \"$CODESIGNING_FOLDER_PATH/nodejs-project/\" -name \"*.framework\" -type d | while read frmwrk_path; do embed_framework \"$frmwrk_path\"; done\n\n#Delete gyp temporary .deps dependency folders from the project structure.\nfind \"$CODESIGNING_FOLDER_PATH/nodejs-project/\" -path \"*/.deps/*\" -delete\nfind \"$CODESIGNING_FOLDER_PATH/nodejs-project/\" -name \".deps\" -type d -delete\n\n#Delete frameworks from their build paths\nfind \"$CODESIGNING_FOLDER_PATH/nodejs-project/\" -path \"*/*.framework/*\" -delete\nfind \"$CODESIGNING_FOLDER_PATH/nodejs-project/\" -name \"*.framework\" -type d -delete\n";
		};
/* End PBXShellScriptBuildPhase section */

/* Begin PBXSourcesBuildPhase section */
		13B07F871A680F5B00A75B9A /* Sources */ = {
			isa = PBXSourcesBuildPhase;
			buildActionMask = 2147483647;
			files = (
				1A41989421FB97C500D8F08C /* ACTInAppPurchase.swift in Sources */,
				13B07FBC1A68108700A75B9A /* AppDelegate.m in Sources */,
				1ADB9F0821651B7200097127 /* ACTKeyboardAvoiding.m in Sources */,
				1A1FBE4922023BE7004E32F9 /* MBFingerTipWindow.m in Sources */,
				1A66C51C21169BC8008DBB08 /* ACTScrollViewManager.swift in Sources */,
				1A66C51E21169FFE008DBB08 /* ACTScrollViewManager.m in Sources */,
				1ADB9F0921651B7200097127 /* ACTKeyboardAvoiding.swift in Sources */,
				13B07FC11A68108700A75B9A /* main.m in Sources */,
				1A41989321FB97C500D8F08C /* ACTInAppPurchase.m in Sources */,
			);
			runOnlyForDeploymentPostprocessing = 0;
		};
/* End PBXSourcesBuildPhase section */

/* Begin PBXVariantGroup section */
		13B07FB11A68108700A75B9A /* LaunchScreen.xib */ = {
			isa = PBXVariantGroup;
			children = (
				13B07FB21A68108700A75B9A /* Base */,
			);
			name = LaunchScreen.xib;
			path = actual;
			sourceTree = "<group>";
		};
/* End PBXVariantGroup section */

/* Begin XCBuildConfiguration section */
		13B07F941A680F5B00A75B9A /* Debug */ = {
			isa = XCBuildConfiguration;
			baseConfigurationReference = DEC44B77FC83161C2F2AA047 /* Pods-actual.debug.xcconfig */;
			buildSettings = {
				ASSETCATALOG_COMPILER_APPICON_NAME = AppIcon;
				CLANG_ENABLE_MODULES = YES;
				CODE_SIGN_IDENTITY = "iPhone Developer";
				CODE_SIGN_STYLE = Automatic;
				CURRENT_PROJECT_VERSION = 1;
				DEAD_CODE_STRIPPING = NO;
				DEVELOPMENT_TEAM = 67T3B79U9M;
				ENABLE_BITCODE = NO;
				HEADER_SEARCH_PATHS = (
					"$(inherited)",
					"$(SRCROOT)/../node_modules/react-native-camera/ios/**",
					"$(SRCROOT)/../node_modules/react-native-permissions/ios/**",
					"$(SRCROOT)/../node_modules/react-native-dns-lookup/ios",
				);
				INFOPLIST_FILE = actual/Info.plist;
				IPHONEOS_DEPLOYMENT_TARGET = 11.0;
				LD_RUNPATH_SEARCH_PATHS = "$(inherited) @executable_path/Frameworks";
				LIBRARY_SEARCH_PATHS = "$(inherited)";
				OTHER_LDFLAGS = (
					"$(inherited)",
					"-ObjC",
					"-lc++",
				);
				PRODUCT_NAME = actual;
				PROVISIONING_PROFILE_SPECIFIER = "";
				SWIFT_OBJC_BRIDGING_HEADER = "actual-Bridging-Header.h";
				SWIFT_OPTIMIZATION_LEVEL = "-Onone";
				SWIFT_VERSION = 5.0;
				VERSIONING_SYSTEM = "apple-generic";
			};
			name = Debug;
		};
		13B07F951A680F5B00A75B9A /* Release */ = {
			isa = XCBuildConfiguration;
			baseConfigurationReference = 741D7AFB2CA865AADD0D9E3B /* Pods-actual.release.xcconfig */;
			buildSettings = {
				ASSETCATALOG_COMPILER_APPICON_NAME = AppIcon;
				CLANG_ENABLE_MODULES = YES;
				CODE_SIGN_IDENTITY = "iPhone Developer";
				CODE_SIGN_STYLE = Automatic;
				CURRENT_PROJECT_VERSION = 1;
				DEVELOPMENT_TEAM = 67T3B79U9M;
				ENABLE_BITCODE = NO;
				HEADER_SEARCH_PATHS = (
					"$(inherited)",
					"$(SRCROOT)/../node_modules/react-native-camera/ios/**",
					"$(SRCROOT)/../node_modules/react-native-permissions/ios/**",
					"$(SRCROOT)/../node_modules/react-native-dns-lookup/ios",
				);
				INFOPLIST_FILE = actual/Info.plist;
				IPHONEOS_DEPLOYMENT_TARGET = 11.0;
				LD_RUNPATH_SEARCH_PATHS = "$(inherited) @executable_path/Frameworks";
				LIBRARY_SEARCH_PATHS = "$(inherited)";
				OTHER_LDFLAGS = (
					"$(inherited)",
					"-ObjC",
					"-lc++",
				);
				PRODUCT_NAME = actual;
				PROVISIONING_PROFILE_SPECIFIER = "";
				SWIFT_OBJC_BRIDGING_HEADER = "actual-Bridging-Header.h";
				SWIFT_VERSION = 5.0;
				VERSIONING_SYSTEM = "apple-generic";
			};
			name = Release;
		};
		83CBBA201A601CBA00E9B192 /* Debug */ = {
			isa = XCBuildConfiguration;
			buildSettings = {
				ALWAYS_SEARCH_USER_PATHS = NO;
				CLANG_CXX_LANGUAGE_STANDARD = "gnu++0x";
				CLANG_CXX_LIBRARY = "libc++";
				CLANG_ENABLE_MODULES = YES;
				CLANG_ENABLE_OBJC_ARC = YES;
				CLANG_WARN_BOOL_CONVERSION = YES;
				CLANG_WARN_CONSTANT_CONVERSION = YES;
				CLANG_WARN_DIRECT_OBJC_ISA_USAGE = YES_ERROR;
				CLANG_WARN_EMPTY_BODY = YES;
				CLANG_WARN_ENUM_CONVERSION = YES;
				CLANG_WARN_INT_CONVERSION = YES;
				CLANG_WARN_OBJC_ROOT_CLASS = YES_ERROR;
				CLANG_WARN_UNREACHABLE_CODE = YES;
				CLANG_WARN__DUPLICATE_METHOD_MATCH = YES;
				"CODE_SIGN_IDENTITY[sdk=iphoneos*]" = "iPhone Developer";
				COPY_PHASE_STRIP = NO;
				ENABLE_STRICT_OBJC_MSGSEND = YES;
				GCC_C_LANGUAGE_STANDARD = gnu99;
				GCC_DYNAMIC_NO_PIC = NO;
				GCC_OPTIMIZATION_LEVEL = 0;
				GCC_PREPROCESSOR_DEFINITIONS = (
					"DEBUG=1",
					"$(inherited)",
				);
				GCC_SYMBOLS_PRIVATE_EXTERN = NO;
				GCC_WARN_64_TO_32_BIT_CONVERSION = YES;
				GCC_WARN_ABOUT_RETURN_TYPE = YES_ERROR;
				GCC_WARN_UNDECLARED_SELECTOR = YES;
				GCC_WARN_UNINITIALIZED_AUTOS = YES_AGGRESSIVE;
				GCC_WARN_UNUSED_FUNCTION = YES;
				GCC_WARN_UNUSED_VARIABLE = YES;
				IPHONEOS_DEPLOYMENT_TARGET = 11.0;
				MTL_ENABLE_DEBUG_INFO = YES;
				ONLY_ACTIVE_ARCH = YES;
				SDKROOT = iphoneos;
			};
			name = Debug;
		};
		83CBBA211A601CBA00E9B192 /* Release */ = {
			isa = XCBuildConfiguration;
			buildSettings = {
				ALWAYS_SEARCH_USER_PATHS = NO;
				CLANG_CXX_LANGUAGE_STANDARD = "gnu++0x";
				CLANG_CXX_LIBRARY = "libc++";
				CLANG_ENABLE_MODULES = YES;
				CLANG_ENABLE_OBJC_ARC = YES;
				CLANG_WARN_BOOL_CONVERSION = YES;
				CLANG_WARN_CONSTANT_CONVERSION = YES;
				CLANG_WARN_DIRECT_OBJC_ISA_USAGE = YES_ERROR;
				CLANG_WARN_EMPTY_BODY = YES;
				CLANG_WARN_ENUM_CONVERSION = YES;
				CLANG_WARN_INT_CONVERSION = YES;
				CLANG_WARN_OBJC_ROOT_CLASS = YES_ERROR;
				CLANG_WARN_UNREACHABLE_CODE = YES;
				CLANG_WARN__DUPLICATE_METHOD_MATCH = YES;
				"CODE_SIGN_IDENTITY[sdk=iphoneos*]" = "iPhone Developer";
				COPY_PHASE_STRIP = YES;
				ENABLE_NS_ASSERTIONS = NO;
				ENABLE_STRICT_OBJC_MSGSEND = YES;
				GCC_C_LANGUAGE_STANDARD = gnu99;
				GCC_WARN_64_TO_32_BIT_CONVERSION = YES;
				GCC_WARN_ABOUT_RETURN_TYPE = YES_ERROR;
				GCC_WARN_UNDECLARED_SELECTOR = YES;
				GCC_WARN_UNINITIALIZED_AUTOS = YES_AGGRESSIVE;
				GCC_WARN_UNUSED_FUNCTION = YES;
				GCC_WARN_UNUSED_VARIABLE = YES;
				IPHONEOS_DEPLOYMENT_TARGET = 11.0;
				MTL_ENABLE_DEBUG_INFO = NO;
				SDKROOT = iphoneos;
				VALIDATE_PRODUCT = YES;
			};
			name = Release;
		};
/* End XCBuildConfiguration section */

/* Begin XCConfigurationList section */
		13B07F931A680F5B00A75B9A /* Build configuration list for PBXNativeTarget "actual" */ = {
			isa = XCConfigurationList;
			buildConfigurations = (
				13B07F941A680F5B00A75B9A /* Debug */,
				13B07F951A680F5B00A75B9A /* Release */,
			);
			defaultConfigurationIsVisible = 0;
			defaultConfigurationName = Release;
		};
		83CBB9FA1A601CBA00E9B192 /* Build configuration list for PBXProject "actual" */ = {
			isa = XCConfigurationList;
			buildConfigurations = (
				83CBBA201A601CBA00E9B192 /* Debug */,
				83CBBA211A601CBA00E9B192 /* Release */,
			);
			defaultConfigurationIsVisible = 0;
			defaultConfigurationName = Release;
		};
/* End XCConfigurationList section */
	};
	rootObject = 83CBB9F71A601CBA00E9B192 /* Project object */;
}
